
Microsoft Visual Studio Solution File, Format Version 12.00
# Visual Studio 15
VisualStudioVersion = 15.0.27703.2035
MinimumVisualStudioVersion = 10.0.40219.1
Project("{FAE04EC0-301F-11D3-BF4B-00C04F79EFBC}") = "Dao", "Dao\Dao.csproj", "{C14E7230-E94F-4425-A301-273CDB279E41}"
EndProject
Project("{FAE04EC0-301F-11D3-BF4B-00C04F79EFBC}") = "WebApi", "WebApi\WebApi.csproj", "{D8E43036-BD8F-477A-AA03-D4D9B6E53A58}"
EndProject
Global
	GlobalSection(SolutionConfigurationPlatforms) = preSolution
		Debug|Any CPU = Debug|Any CPU
		Release|Any CPU = Release|Any CPU
	EndGlobalSection
	GlobalSection(ProjectConfigurationPlatforms) = postSolution
		{C14E7230-E94F-4425-A301-273CDB279E41}.Debug|Any CPU.ActiveCfg = Debug|Any CPU
		{C14E7230-E94F-4425-A301-273CDB279E41}.Debug|Any CPU.Build.0 = Debug|Any CPU
		{C14E7230-E94F-4425-A301-273CDB279E41}.Release|Any CPU.ActiveCfg = Release|Any CPU
		{C14E7230-E94F-4425-A301-273CDB279E41}.Release|Any CPU.Build.0 = Release|Any CPU
		{D8E43036-BD8F-477A-AA03-D4D9B6E53A58}.Debug|Any CPU.ActiveCfg = Debug|Any CPU
		{D8E43036-BD8F-477A-AA03-D4D9B6E53A58}.Debug|Any CPU.Build.0 = Debug|Any CPU
		{D8E43036-BD8F-477A-AA03-D4D9B6E53A58}.Release|Any CPU.ActiveCfg = Release|Any CPU
		{D8E43036-BD8F-477A-AA03-D4D9B6E53A58}.Release|Any CPU.Build.0 = Release|Any CPU
	EndGlobalSection
	GlobalSection(SolutionProperties) = preSolution
		HideSolutionNode = FALSE
	EndGlobalSection
	GlobalSection(ExtensibilityGlobals) = postSolution
		SolutionGuid = {4AEAA65E-2EB8-4FEE-82AA-29C471B1F076}
	EndGlobalSection
EndGlobal
